
Microsoft Visual Studio Solution File, Format Version 12.00
# Visual Studio 15
VisualStudioVersion = 15.0.26730.3
MinimumVisualStudioVersion = 10.0.40219.1
Project("{FAE04EC0-301F-11D3-BF4B-00C04F79EFBC}") = "Sentinel", "Sentinel\Sentinel.csproj", "{C3E4CF0A-7E49-4536-AE39-0B87388E92E0}"
EndProject
Global
	GlobalSection(SolutionConfigurationPlatforms) = preSolution
		Debug|Any CPU = Debug|Any CPU
		Release|Any CPU = Release|Any CPU
	EndGlobalSection
	GlobalSection(ProjectConfigurationPlatforms) = postSolution
		{C3E4CF0A-7E49-4536-AE39-0B87388E92E0}.Debug|Any CPU.ActiveCfg = Debug|Any CPU
		{C3E4CF0A-7E49-4536-AE39-0B87388E92E0}.Debug|Any CPU.Build.0 = Debug|Any CPU
		{C3E4CF0A-7E49-4536-AE39-0B87388E92E0}.Release|Any CPU.ActiveCfg = Release|Any CPU
		{C3E4CF0A-7E49-4536-AE39-0B87388E92E0}.Release|Any CPU.Build.0 = Release|Any CPU
	EndGlobalSection
	GlobalSection(SolutionProperties) = preSolution
		HideSolutionNode = FALSE
	EndGlobalSection
	GlobalSection(ExtensibilityGlobals) = postSolution
		SolutionGuid = {345FC34B-A43B-476D-AB75-3AED12CC04C7}
	EndGlobalSection
EndGlobal
